
Microsoft Visual Studio Solution File, Format Version 12.00
# Visual Studio Version 16
VisualStudioVersion = 16.0.29806.167
MinimumVisualStudioVersion = 15.0.26124.0
Project("{9A19103F-16F7-4668-BE54-9A1E7A4F7556}") = "Dfc.Api.DiscoverSkillsAndCareers", "Dfc.Api.DiscoverSkillsAndCareers\Dfc.Api.DiscoverSkillsAndCareers.csproj", "{3394037A-E3AB-4EFD-80DB-E7B99201DC8C}"
EndProject
Project("{9A19103F-16F7-4668-BE54-9A1E7A4F7556}") = "Dfc.Api.DiscoverSkillsAndCareers.UnitTests", "Dfc.Api.DiscoverSkillsAndCareers.UnitTests\Dfc.Api.DiscoverSkillsAndCareers.UnitTests.csproj", "{3AF6E9E1-DC3C-4DFF-A1A3-35D447E62E0E}"
EndProject
Project("{2150E333-8FDC-42A3-9474-1A3956D46DE8}") = "_Solution Items", "_Solution Items", "{061C644C-A32E-4F16-8F77-582399279045}"
	ProjectSection(SolutionItems) = preProject
		.gitignore = .gitignore
		DFC.Digital.CodeAnalysis.ruleset = DFC.Digital.CodeAnalysis.ruleset
		LICENSE = LICENSE
		README.md = README.md
		stylecop.json = stylecop.json
		UnitTests.CodeAnalysis.ruleset = UnitTests.CodeAnalysis.ruleset
	EndProjectSection
EndProject
Project("{2150E333-8FDC-42A3-9474-1A3956D46DE8}") = "Tests", "Tests", "{7771D300-4A9F-4520-B362-CD0BE1519700}"
EndProject
Project("{2150E333-8FDC-42A3-9474-1A3956D46DE8}") = "Common", "Common", "{0DE09719-B0B5-4B5A-AF8A-8A658EFBA22E}"
EndProject
Project("{FAE04EC0-301F-11D3-BF4B-00C04F79EFBC}") = "Dfc.Api.DiscoverSkillsAndCareers.Common", "Dfc.Api.DiscoverSkillsAndCareers.Common\Dfc.Api.DiscoverSkillsAndCareers.Common.csproj", "{8321393B-9072-4C85-82D3-CD88E9F65C59}"
EndProject
Global
	GlobalSection(SolutionConfigurationPlatforms) = preSolution
		Debug|Any CPU = Debug|Any CPU
		Debug|x64 = Debug|x64
		Debug|x86 = Debug|x86
		Release|Any CPU = Release|Any CPU
		Release|x64 = Release|x64
		Release|x86 = Release|x86
	EndGlobalSection
	GlobalSection(ProjectConfigurationPlatforms) = postSolution
		{3394037A-E3AB-4EFD-80DB-E7B99201DC8C}.Debug|Any CPU.ActiveCfg = Debug|Any CPU
		{3394037A-E3AB-4EFD-80DB-E7B99201DC8C}.Debug|Any CPU.Build.0 = Debug|Any CPU
		{3394037A-E3AB-4EFD-80DB-E7B99201DC8C}.Debug|x64.ActiveCfg = Debug|Any CPU
		{3394037A-E3AB-4EFD-80DB-E7B99201DC8C}.Debug|x64.Build.0 = Debug|Any CPU
		{3394037A-E3AB-4EFD-80DB-E7B99201DC8C}.Debug|x86.ActiveCfg = Debug|Any CPU
		{3394037A-E3AB-4EFD-80DB-E7B99201DC8C}.Debug|x86.Build.0 = Debug|Any CPU
		{3394037A-E3AB-4EFD-80DB-E7B99201DC8C}.Release|Any CPU.ActiveCfg = Release|Any CPU
		{3394037A-E3AB-4EFD-80DB-E7B99201DC8C}.Release|Any CPU.Build.0 = Release|Any CPU
		{3394037A-E3AB-4EFD-80DB-E7B99201DC8C}.Release|x64.ActiveCfg = Release|Any CPU
		{3394037A-E3AB-4EFD-80DB-E7B99201DC8C}.Release|x64.Build.0 = Release|Any CPU
		{3394037A-E3AB-4EFD-80DB-E7B99201DC8C}.Release|x86.ActiveCfg = Release|Any CPU
		{3394037A-E3AB-4EFD-80DB-E7B99201DC8C}.Release|x86.Build.0 = Release|Any CPU
		{3AF6E9E1-DC3C-4DFF-A1A3-35D447E62E0E}.Debug|Any CPU.ActiveCfg = Debug|Any CPU
		{3AF6E9E1-DC3C-4DFF-A1A3-35D447E62E0E}.Debug|Any CPU.Build.0 = Debug|Any CPU
		{3AF6E9E1-DC3C-4DFF-A1A3-35D447E62E0E}.Debug|x64.ActiveCfg = Debug|Any CPU
		{3AF6E9E1-DC3C-4DFF-A1A3-35D447E62E0E}.Debug|x64.Build.0 = Debug|Any CPU
		{3AF6E9E1-DC3C-4DFF-A1A3-35D447E62E0E}.Debug|x86.ActiveCfg = Debug|Any CPU
		{3AF6E9E1-DC3C-4DFF-A1A3-35D447E62E0E}.Debug|x86.Build.0 = Debug|Any CPU
		{3AF6E9E1-DC3C-4DFF-A1A3-35D447E62E0E}.Release|Any CPU.ActiveCfg = Release|Any CPU
		{3AF6E9E1-DC3C-4DFF-A1A3-35D447E62E0E}.Release|Any CPU.Build.0 = Release|Any CPU
		{3AF6E9E1-DC3C-4DFF-A1A3-35D447E62E0E}.Release|x64.ActiveCfg = Release|Any CPU
		{3AF6E9E1-DC3C-4DFF-A1A3-35D447E62E0E}.Release|x64.Build.0 = Release|Any CPU
		{3AF6E9E1-DC3C-4DFF-A1A3-35D447E62E0E}.Release|x86.ActiveCfg = Release|Any CPU
		{3AF6E9E1-DC3C-4DFF-A1A3-35D447E62E0E}.Release|x86.Build.0 = Release|Any CPU
		{8321393B-9072-4C85-82D3-CD88E9F65C59}.Debug|Any CPU.ActiveCfg = Debug|Any CPU
		{8321393B-9072-4C85-82D3-CD88E9F65C59}.Debug|Any CPU.Build.0 = Debug|Any CPU
		{8321393B-9072-4C85-82D3-CD88E9F65C59}.Debug|x64.ActiveCfg = Debug|Any CPU
		{8321393B-9072-4C85-82D3-CD88E9F65C59}.Debug|x64.Build.0 = Debug|Any CPU
		{8321393B-9072-4C85-82D3-CD88E9F65C59}.Debug|x86.ActiveCfg = Debug|Any CPU
		{8321393B-9072-4C85-82D3-CD88E9F65C59}.Debug|x86.Build.0 = Debug|Any CPU
		{8321393B-9072-4C85-82D3-CD88E9F65C59}.Release|Any CPU.ActiveCfg = Release|Any CPU
		{8321393B-9072-4C85-82D3-CD88E9F65C59}.Release|Any CPU.Build.0 = Release|Any CPU
		{8321393B-9072-4C85-82D3-CD88E9F65C59}.Release|x64.ActiveCfg = Release|Any CPU
		{8321393B-9072-4C85-82D3-CD88E9F65C59}.Release|x64.Build.0 = Release|Any CPU
		{8321393B-9072-4C85-82D3-CD88E9F65C59}.Release|x86.ActiveCfg = Release|Any CPU
		{8321393B-9072-4C85-82D3-CD88E9F65C59}.Release|x86.Build.0 = Release|Any CPU
	EndGlobalSection
	GlobalSection(SolutionProperties) = preSolution
		HideSolutionNode = FALSE
	EndGlobalSection
	GlobalSection(NestedProjects) = preSolution
		{3AF6E9E1-DC3C-4DFF-A1A3-35D447E62E0E} = {7771D300-4A9F-4520-B362-CD0BE1519700}
		{8321393B-9072-4C85-82D3-CD88E9F65C59} = {0DE09719-B0B5-4B5A-AF8A-8A658EFBA22E}
	EndGlobalSection
	GlobalSection(ExtensibilityGlobals) = postSolution
		SolutionGuid = {494C941F-C321-45F3-9816-0968CA666B3A}
	EndGlobalSection
EndGlobal
